
Microsoft Visual Studio Solution File, Format Version 12.00
# Visual Studio Version 17
VisualStudioVersion = 17.3.32825.248
MinimumVisualStudioVersion = 10.0.40219.1
Project("{FAE04EC0-301F-11D3-BF4B-00C04F79EFBC}") = "CardAPI", "CardAPI.csproj", "{B89C4E64-73DF-48BA-8014-BBADBA8B7B9D}"
EndProject
Global
	GlobalSection(SolutionConfigurationPlatforms) = preSolution
		Debug|Any CPU = Debug|Any CPU
		Release|Any CPU = Release|Any CPU
	EndGlobalSection
	GlobalSection(ProjectConfigurationPlatforms) = postSolution
		{B89C4E64-73DF-48BA-8014-BBADBA8B7B9D}.Debug|Any CPU.ActiveCfg = Debug|Any CPU
		{B89C4E64-73DF-48BA-8014-BBADBA8B7B9D}.Debug|Any CPU.Build.0 = Debug|Any CPU
		{B89C4E64-73DF-48BA-8014-BBADBA8B7B9D}.Release|Any CPU.ActiveCfg = Release|Any CPU
		{B89C4E64-73DF-48BA-8014-BBADBA8B7B9D}.Release|Any CPU.Build.0 = Release|Any CPU
	EndGlobalSection
	GlobalSection(SolutionProperties) = preSolution
		HideSolutionNode = FALSE
	EndGlobalSection
	GlobalSection(ExtensibilityGlobals) = postSolution
		SolutionGuid = {D8657F9E-8612-4AFE-9E6C-E1BA75A118B5}
	EndGlobalSection
EndGlobal
